
Microsoft Visual Studio Solution File, Format Version 12.00
# Visual Studio Version 17
VisualStudioVersion = 17.0.31903.59
MinimumVisualStudioVersion = 10.0.40219.1
Project("{FAE04EC0-301F-11D3-BF4B-00C04F79EFBC}") = "Problema01", "Problema01\Problema01.csproj", "{958F19B8-E7CC-4BB2-A2B0-A9E5427DF4F2}"
EndProject
Project("{FAE04EC0-301F-11D3-BF4B-00C04F79EFBC}") = "Problema02", "Problema02\Problema02.csproj", "{EAB05F39-9A2D-4B8F-9C13-0C28334405B2}"
EndProject
Project("{FAE04EC0-301F-11D3-BF4B-00C04F79EFBC}") = "Problema03", "Problema03\Problema03.csproj", "{217C1A66-5146-4B7E-AD29-F846BBDB9254}"
EndProject
Project("{FAE04EC0-301F-11D3-BF4B-00C04F79EFBC}") = "Problema04", "Problema04\Problema04.csproj", "{8ED9080D-119E-4521-AF71-EEF0BE6E9023}"
EndProject
Project("{FAE04EC0-301F-11D3-BF4B-00C04F79EFBC}") = "Problema05", "Problema05\Problema05.csproj", "{8AADA83E-6A77-4E40-AE5A-62F5ABE92075}"
EndProject
Project("{FAE04EC0-301F-11D3-BF4B-00C04F79EFBC}") = "Problema06", "Problema06\Problema06.csproj", "{A589BF1C-4CF2-4B50-A661-28D98C8D27F1}"
EndProject
Project("{FAE04EC0-301F-11D3-BF4B-00C04F79EFBC}") = "Problema07", "Problema07\Problema07.csproj", "{10A0C0AA-C2EC-48A4-872E-DFCB0F9A72A9}"
EndProject
Project("{FAE04EC0-301F-11D3-BF4B-00C04F79EFBC}") = "Problema08", "Problema08\Problema08.csproj", "{6C214E78-0515-4399-A84F-0428993C7A4C}"
EndProject
Project("{FAE04EC0-301F-11D3-BF4B-00C04F79EFBC}") = "Problema09", "Problema09\Problema09.csproj", "{CEF609F0-7C03-40AC-BF38-B7836393A9CA}"
EndProject
Project("{FAE04EC0-301F-11D3-BF4B-00C04F79EFBC}") = "Problema10", "Problema10\Problema10.csproj", "{F190D871-34DB-417C-B64E-2B13EA4D9618}"
EndProject
Global
	GlobalSection(SolutionConfigurationPlatforms) = preSolution
		Debug|Any CPU = Debug|Any CPU
		Debug|x64 = Debug|x64
		Debug|x86 = Debug|x86
		Release|Any CPU = Release|Any CPU
		Release|x64 = Release|x64
		Release|x86 = Release|x86
	EndGlobalSection
	GlobalSection(ProjectConfigurationPlatforms) = postSolution
		{958F19B8-E7CC-4BB2-A2B0-A9E5427DF4F2}.Debug|Any CPU.ActiveCfg = Debug|Any CPU
		{958F19B8-E7CC-4BB2-A2B0-A9E5427DF4F2}.Debug|Any CPU.Build.0 = Debug|Any CPU
		{958F19B8-E7CC-4BB2-A2B0-A9E5427DF4F2}.Debug|x64.ActiveCfg = Debug|Any CPU
		{958F19B8-E7CC-4BB2-A2B0-A9E5427DF4F2}.Debug|x64.Build.0 = Debug|Any CPU
		{958F19B8-E7CC-4BB2-A2B0-A9E5427DF4F2}.Debug|x86.ActiveCfg = Debug|Any CPU
		{958F19B8-E7CC-4BB2-A2B0-A9E5427DF4F2}.Debug|x86.Build.0 = Debug|Any CPU
		{958F19B8-E7CC-4BB2-A2B0-A9E5427DF4F2}.Release|Any CPU.ActiveCfg = Release|Any CPU
		{958F19B8-E7CC-4BB2-A2B0-A9E5427DF4F2}.Release|Any CPU.Build.0 = Release|Any CPU
		{958F19B8-E7CC-4BB2-A2B0-A9E5427DF4F2}.Release|x64.ActiveCfg = Release|Any CPU
		{958F19B8-E7CC-4BB2-A2B0-A9E5427DF4F2}.Release|x64.Build.0 = Release|Any CPU
		{958F19B8-E7CC-4BB2-A2B0-A9E5427DF4F2}.Release|x86.ActiveCfg = Release|Any CPU
		{958F19B8-E7CC-4BB2-A2B0-A9E5427DF4F2}.Release|x86.Build.0 = Release|Any CPU
		{EAB05F39-9A2D-4B8F-9C13-0C28334405B2}.Debug|Any CPU.ActiveCfg = Debug|Any CPU
		{EAB05F39-9A2D-4B8F-9C13-0C28334405B2}.Debug|Any CPU.Build.0 = Debug|Any CPU
		{EAB05F39-9A2D-4B8F-9C13-0C28334405B2}.Debug|x64.ActiveCfg = Debug|Any CPU
		{EAB05F39-9A2D-4B8F-9C13-0C28334405B2}.Debug|x64.Build.0 = Debug|Any CPU
		{EAB05F39-9A2D-4B8F-9C13-0C28334405B2}.Debug|x86.ActiveCfg = Debug|Any CPU
		{EAB05F39-9A2D-4B8F-9C13-0C28334405B2}.Debug|x86.Build.0 = Debug|Any CPU
		{EAB05F39-9A2D-4B8F-9C13-0C28334405B2}.Release|Any CPU.ActiveCfg = Release|Any CPU
		{EAB05F39-9A2D-4B8F-9C13-0C28334405B2}.Release|Any CPU.Build.0 = Release|Any CPU
		{EAB05F39-9A2D-4B8F-9C13-0C28334405B2}.Release|x64.ActiveCfg = Release|Any CPU
		{EAB05F39-9A2D-4B8F-9C13-0C28334405B2}.Release|x64.Build.0 = Release|Any CPU
		{EAB05F39-9A2D-4B8F-9C13-0C28334405B2}.Release|x86.ActiveCfg = Release|Any CPU
		{EAB05F39-9A2D-4B8F-9C13-0C28334405B2}.Release|x86.Build.0 = Release|Any CPU
		{217C1A66-5146-4B7E-AD29-F846BBDB9254}.Debug|Any CPU.ActiveCfg = Debug|Any CPU
		{217C1A66-5146-4B7E-AD29-F846BBDB9254}.Debug|Any CPU.Build.0 = Debug|Any CPU
		{217C1A66-5146-4B7E-AD29-F846BBDB9254}.Debug|x64.ActiveCfg = Debug|Any CPU
		{217C1A66-5146-4B7E-AD29-F846BBDB9254}.Debug|x64.Build.0 = Debug|Any CPU
		{217C1A66-5146-4B7E-AD29-F846BBDB9254}.Debug|x86.ActiveCfg = Debug|Any CPU
		{217C1A66-5146-4B7E-AD29-F846BBDB9254}.Debug|x86.Build.0 = Debug|Any CPU
		{217C1A66-5146-4B7E-AD29-F846BBDB9254}.Release|Any CPU.ActiveCfg = Release|Any CPU
		{217C1A66-5146-4B7E-AD29-F846BBDB9254}.Release|Any CPU.Build.0 = Release|Any CPU
		{217C1A66-5146-4B7E-AD29-F846BBDB9254}.Release|x64.ActiveCfg = Release|Any CPU
		{217C1A66-5146-4B7E-AD29-F846BBDB9254}.Release|x64.Build.0 = Release|Any CPU
		{217C1A66-5146-4B7E-AD29-F846BBDB9254}.Release|x86.ActiveCfg = Release|Any CPU
		{217C1A66-5146-4B7E-AD29-F846BBDB9254}.Release|x86.Build.0 = Release|Any CPU
		{8ED9080D-119E-4521-AF71-EEF0BE6E9023}.Debug|Any CPU.ActiveCfg = Debug|Any CPU
		{8ED9080D-119E-4521-AF71-EEF0BE6E9023}.Debug|Any CPU.Build.0 = Debug|Any CPU
		{8ED9080D-119E-4521-AF71-EEF0BE6E9023}.Debug|x64.ActiveCfg = Debug|Any CPU
		{8ED9080D-119E-4521-AF71-EEF0BE6E9023}.Debug|x64.Build.0 = Debug|Any CPU
		{8ED9080D-119E-4521-AF71-EEF0BE6E9023}.Debug|x86.ActiveCfg = Debug|Any CPU
		{8ED9080D-119E-4521-AF71-EEF0BE6E9023}.Debug|x86.Build.0 = Debug|Any CPU
		{8ED9080D-119E-4521-AF71-EEF0BE6E9023}.Release|Any CPU.ActiveCfg = Release|Any CPU
		{8ED9080D-119E-4521-AF71-EEF0BE6E9023}.Release|Any CPU.Build.0 = Release|Any CPU
		{8ED9080D-119E-4521-AF71-EEF0BE6E9023}.Release|x64.ActiveCfg = Release|Any CPU
		{8ED9080D-119E-4521-AF71-EEF0BE6E9023}.Release|x64.Build.0 = Release|Any CPU
		{8ED9080D-119E-4521-AF71-EEF0BE6E9023}.Release|x86.ActiveCfg = Release|Any CPU
		{8ED9080D-119E-4521-AF71-EEF0BE6E9023}.Release|x86.Build.0 = Release|Any CPU
		{8AADA83E-6A77-4E40-AE5A-62F5ABE92075}.Debug|Any CPU.ActiveCfg = Debug|Any CPU
		{8AADA83E-6A77-4E40-AE5A-62F5ABE92075}.Debug|Any CPU.Build.0 = Debug|Any CPU
		{8AADA83E-6A77-4E40-AE5A-62F5ABE92075}.Debug|x64.ActiveCfg = Debug|Any CPU
		{8AADA83E-6A77-4E40-AE5A-62F5ABE92075}.Debug|x64.Build.0 = Debug|Any CPU
		{8AADA83E-6A77-4E40-AE5A-62F5ABE92075}.Debug|x86.ActiveCfg = Debug|Any CPU
		{8AADA83E-6A77-4E40-AE5A-62F5ABE92075}.Debug|x86.Build.0 = Debug|Any CPU
		{8AADA83E-6A77-4E40-AE5A-62F5ABE92075}.Release|Any CPU.ActiveCfg = Release|Any CPU
		{8AADA83E-6A77-4E40-AE5A-62F5ABE92075}.Release|Any CPU.Build.0 = Release|Any CPU
		{8AADA83E-6A77-4E40-AE5A-62F5ABE92075}.Release|x64.ActiveCfg = Release|Any CPU
		{8AADA83E-6A77-4E40-AE5A-62F5ABE92075}.Release|x64.Build.0 = Release|Any CPU
		{8AADA83E-6A77-4E40-AE5A-62F5ABE92075}.Release|x86.ActiveCfg = Release|Any CPU
		{8AADA83E-6A77-4E40-AE5A-62F5ABE92075}.Release|x86.Build.0 = Release|Any CPU
		{A589BF1C-4CF2-4B50-A661-28D98C8D27F1}.Debug|Any CPU.ActiveCfg = Debug|Any CPU
		{A589BF1C-4CF2-4B50-A661-28D98C8D27F1}.Debug|Any CPU.Build.0 = Debug|Any CPU
		{A589BF1C-4CF2-4B50-A661-28D98C8D27F1}.Debug|x64.ActiveCfg = Debug|Any CPU
		{A589BF1C-4CF2-4B50-A661-28D98C8D27F1}.Debug|x64.Build.0 = Debug|Any CPU
		{A589BF1C-4CF2-4B50-A661-28D98C8D27F1}.Debug|x86.ActiveCfg = Debug|Any CPU
		{A589BF1C-4CF2-4B50-A661-28D98C8D27F1}.Debug|x86.Build.0 = Debug|Any CPU
		{A589BF1C-4CF2-4B50-A661-28D98C8D27F1}.Release|Any CPU.ActiveCfg = Release|Any CPU
		{A589BF1C-4CF2-4B50-A661-28D98C8D27F1}.Release|Any CPU.Build.0 = Release|Any CPU
		{A589BF1C-4CF2-4B50-A661-28D98C8D27F1}.Release|x64.ActiveCfg = Release|Any CPU
		{A589BF1C-4CF2-4B50-A661-28D98C8D27F1}.Release|x64.Build.0 = Release|Any CPU
		{A589BF1C-4CF2-4B50-A661-28D98C8D27F1}.Release|x86.ActiveCfg = Release|Any CPU
		{A589BF1C-4CF2-4B50-A661-28D98C8D27F1}.Release|x86.Build.0 = Release|Any CPU
		{10A0C0AA-C2EC-48A4-872E-DFCB0F9A72A9}.Debug|Any CPU.ActiveCfg = Debug|Any CPU
		{10A0C0AA-C2EC-48A4-872E-DFCB0F9A72A9}.Debug|Any CPU.Build.0 = Debug|Any CPU
		{10A0C0AA-C2EC-48A4-872E-DFCB0F9A72A9}.Debug|x64.ActiveCfg = Debug|Any CPU
		{10A0C0AA-C2EC-48A4-872E-DFCB0F9A72A9}.Debug|x64.Build.0 = Debug|Any CPU
		{10A0C0AA-C2EC-48A4-872E-DFCB0F9A72A9}.Debug|x86.ActiveCfg = Debug|Any CPU
		{10A0C0AA-C2EC-48A4-872E-DFCB0F9A72A9}.Debug|x86.Build.0 = Debug|Any CPU
		{10A0C0AA-C2EC-48A4-872E-DFCB0F9A72A9}.Release|Any CPU.ActiveCfg = Release|Any CPU
		{10A0C0AA-C2EC-48A4-872E-DFCB0F9A72A9}.Release|Any CPU.Build.0 = Release|Any CPU
		{10A0C0AA-C2EC-48A4-872E-DFCB0F9A72A9}.Release|x64.ActiveCfg = Release|Any CPU
		{10A0C0AA-C2EC-48A4-872E-DFCB0F9A72A9}.Release|x64.Build.0 = Release|Any CPU
		{10A0C0AA-C2EC-48A4-872E-DFCB0F9A72A9}.Release|x86.ActiveCfg = Release|Any CPU
		{10A0C0AA-C2EC-48A4-872E-DFCB0F9A72A9}.Release|x86.Build.0 = Release|Any CPU
		{6C214E78-0515-4399-A84F-0428993C7A4C}.Debug|Any CPU.ActiveCfg = Debug|Any CPU
		{6C214E78-0515-4399-A84F-0428993C7A4C}.Debug|Any CPU.Build.0 = Debug|Any CPU
		{6C214E78-0515-4399-A84F-0428993C7A4C}.Debug|x64.ActiveCfg = Debug|Any CPU
		{6C214E78-0515-4399-A84F-0428993C7A4C}.Debug|x64.Build.0 = Debug|Any CPU
		{6C214E78-0515-4399-A84F-0428993C7A4C}.Debug|x86.ActiveCfg = Debug|Any CPU
		{6C214E78-0515-4399-A84F-0428993C7A4C}.Debug|x86.Build.0 = Debug|Any CPU
		{6C214E78-0515-4399-A84F-0428993C7A4C}.Release|Any CPU.ActiveCfg = Release|Any CPU
		{6C214E78-0515-4399-A84F-0428993C7A4C}.Release|Any CPU.Build.0 = Release|Any CPU
		{6C214E78-0515-4399-A84F-0428993C7A4C}.Release|x64.ActiveCfg = Release|Any CPU
		{6C214E78-0515-4399-A84F-0428993C7A4C}.Release|x64.Build.0 = Release|Any CPU
		{6C214E78-0515-4399-A84F-0428993C7A4C}.Release|x86.ActiveCfg = Release|Any CPU
		{6C214E78-0515-4399-A84F-0428993C7A4C}.Release|x86.Build.0 = Release|Any CPU
		{CEF609F0-7C03-40AC-BF38-B7836393A9CA}.Debug|Any CPU.ActiveCfg = Debug|Any CPU
		{CEF609F0-7C03-40AC-BF38-B7836393A9CA}.Debug|Any CPU.Build.0 = Debug|Any CPU
		{CEF609F0-7C03-40AC-BF38-B7836393A9CA}.Debug|x64.ActiveCfg = Debug|Any CPU
		{CEF609F0-7C03-40AC-BF38-B7836393A9CA}.Debug|x64.Build.0 = Debug|Any CPU
		{CEF609F0-7C03-40AC-BF38-B7836393A9CA}.Debug|x86.ActiveCfg = Debug|Any CPU
		{CEF609F0-7C03-40AC-BF38-B7836393A9CA}.Debug|x86.Build.0 = Debug|Any CPU
		{CEF609F0-7C03-40AC-BF38-B7836393A9CA}.Release|Any CPU.ActiveCfg = Release|Any CPU
		{CEF609F0-7C03-40AC-BF38-B7836393A9CA}.Release|Any CPU.Build.0 = Release|Any CPU
		{CEF609F0-7C03-40AC-BF38-B7836393A9CA}.Release|x64.ActiveCfg = Release|Any CPU
		{CEF609F0-7C03-40AC-BF38-B7836393A9CA}.Release|x64.Build.0 = Release|Any CPU
		{CEF609F0-7C03-40AC-BF38-B7836393A9CA}.Release|x86.ActiveCfg = Release|Any CPU
		{CEF609F0-7C03-40AC-BF38-B7836393A9CA}.Release|x86.Build.0 = Release|Any CPU
		{F190D871-34DB-417C-B64E-2B13EA4D9618}.Debug|Any CPU.ActiveCfg = Debug|Any CPU
		{F190D871-34DB-417C-B64E-2B13EA4D9618}.Debug|Any CPU.Build.0 = Debug|Any CPU
		{F190D871-34DB-417C-B64E-2B13EA4D9618}.Debug|x64.ActiveCfg = Debug|Any CPU
		{F190D871-34DB-417C-B64E-2B13EA4D9618}.Debug|x64.Build.0 = Debug|Any CPU
		{F190D871-34DB-417C-B64E-2B13EA4D9618}.Debug|x86.ActiveCfg = Debug|Any CPU
		{F190D871-34DB-417C-B64E-2B13EA4D9618}.Debug|x86.Build.0 = Debug|Any CPU
		{F190D871-34DB-417C-B64E-2B13EA4D9618}.Release|Any CPU.ActiveCfg = Release|Any CPU
		{F190D871-34DB-417C-B64E-2B13EA4D9618}.Release|Any CPU.Build.0 = Release|Any CPU
		{F190D871-34DB-417C-B64E-2B13EA4D9618}.Release|x64.ActiveCfg = Release|Any CPU
		{F190D871-34DB-417C-B64E-2B13EA4D9618}.Release|x64.Build.0 = Release|Any CPU
		{F190D871-34DB-417C-B64E-2B13EA4D9618}.Release|x86.ActiveCfg = Release|Any CPU
		{F190D871-34DB-417C-B64E-2B13EA4D9618}.Release|x86.Build.0 = Release|Any CPU
	EndGlobalSection
	GlobalSection(SolutionProperties) = preSolution
		HideSolutionNode = FALSE
	EndGlobalSection
EndGlobal
